
Microsoft Visual Studio Solution File, Format Version 12.00
# Visual Studio Version 17
VisualStudioVersion = 17.4.33110.190
MinimumVisualStudioVersion = 10.0.40219.1
Project("{2150E333-8FDC-42A3-9474-1A3956D46DE8}") = "services", "services", "{158580C5-1CA5-43E7-940D-B6614950DCC0}"
EndProject
Project("{9A19103F-16F7-4668-BE54-9A1E7A4F7556}") = "fsp.lib", "fsp.lib\fsp.lib.csproj", "{ADC705E2-6BC1-4CC6-9C0B-723C6A77871F}"
EndProject
Project("{9A19103F-16F7-4668-BE54-9A1E7A4F7556}") = "fsp.lib.test", "fsp.lib.test\fsp.lib.test.csproj", "{CFD9E649-6247-4DB1-9FC5-0D6CA352E269}"
EndProject
Project("{9A19103F-16F7-4668-BE54-9A1E7A4F7556}") = "logging.svc", "logging.svc\logging.svc.csproj", "{E924A280-D471-4AFA-92FC-D8ADD3A1267F}"
EndProject
Project("{9A19103F-16F7-4668-BE54-9A1E7A4F7556}") = "logging.daemon", "logging.daemon\logging.daemon.csproj", "{434100AE-21BF-4C12-BB1A-4FC01651987B}"
EndProject
Project("{2150E333-8FDC-42A3-9474-1A3956D46DE8}") = "automation", "automation", "{AD2A64BF-FC18-4262-9578-EC39C97844A3}"
	ProjectSection(SolutionItems) = preProject
		Jenkinsfile = Jenkinsfile
	EndProjectSection
EndProject
Project("{2150E333-8FDC-42A3-9474-1A3956D46DE8}") = "nginx", "nginx", "{12D16411-4C11-49C2-A256-7B21762B02F1}"
	ProjectSection(SolutionItems) = preProject
		nginx\docker.nginx.dev = nginx\docker.nginx.dev
		nginx\index.html = nginx\index.html
	EndProjectSection
EndProject
Project("{2150E333-8FDC-42A3-9474-1A3956D46DE8}") = "conf.dev", "conf.dev", "{6E69F215-528C-4267-BBC3-6C436FC91109}"
	ProjectSection(SolutionItems) = preProject
		nginx\conf.dev\nginx.conf = nginx\conf.dev\nginx.conf
	EndProjectSection
EndProject
Project("{2150E333-8FDC-42A3-9474-1A3956D46DE8}") = "conf.d", "conf.d", "{A3103A73-F67C-4B9F-95EC-078B37B38D47}"
	ProjectSection(SolutionItems) = preProject
		nginx\conf.dev\conf.d\default.conf = nginx\conf.dev\conf.d\default.conf
	EndProjectSection
EndProject
Project("{2150E333-8FDC-42A3-9474-1A3956D46DE8}") = "Solution Items", "Solution Items", "{F5045DFC-9EBE-4FC2-86D8-633272C863FA}"
	ProjectSection(SolutionItems) = preProject
		.editorconfig = .editorconfig
	EndProjectSection
EndProject
Project("{2150E333-8FDC-42A3-9474-1A3956D46DE8}") = "src", "src", "{BD2BB885-9324-4B9D-82D7-230EAF706645}"
EndProject
Project("{2150E333-8FDC-42A3-9474-1A3956D46DE8}") = "database", "database", "{8C513BD8-8357-4551-91A5-FDF10460820F}"
	ProjectSection(SolutionItems) = preProject
		Tables.sql = Tables.sql
	EndProjectSection
EndProject
Project("{9A19103F-16F7-4668-BE54-9A1E7A4F7556}") = "identity.svc", "identity.svc\identity.svc.csproj", "{5A5BAF04-C54A-4055-9F72-CD1203A45FD7}"
EndProject
Global
	GlobalSection(SolutionConfigurationPlatforms) = preSolution
		Debug|Any CPU = Debug|Any CPU
		Release|Any CPU = Release|Any CPU
	EndGlobalSection
	GlobalSection(ProjectConfigurationPlatforms) = postSolution
		{ADC705E2-6BC1-4CC6-9C0B-723C6A77871F}.Debug|Any CPU.ActiveCfg = Debug|Any CPU
		{ADC705E2-6BC1-4CC6-9C0B-723C6A77871F}.Debug|Any CPU.Build.0 = Debug|Any CPU
		{ADC705E2-6BC1-4CC6-9C0B-723C6A77871F}.Release|Any CPU.ActiveCfg = Release|Any CPU
		{ADC705E2-6BC1-4CC6-9C0B-723C6A77871F}.Release|Any CPU.Build.0 = Release|Any CPU
		{CFD9E649-6247-4DB1-9FC5-0D6CA352E269}.Debug|Any CPU.ActiveCfg = Debug|Any CPU
		{CFD9E649-6247-4DB1-9FC5-0D6CA352E269}.Debug|Any CPU.Build.0 = Debug|Any CPU
		{CFD9E649-6247-4DB1-9FC5-0D6CA352E269}.Release|Any CPU.ActiveCfg = Release|Any CPU
		{CFD9E649-6247-4DB1-9FC5-0D6CA352E269}.Release|Any CPU.Build.0 = Release|Any CPU
		{E924A280-D471-4AFA-92FC-D8ADD3A1267F}.Debug|Any CPU.ActiveCfg = Debug|Any CPU
		{E924A280-D471-4AFA-92FC-D8ADD3A1267F}.Debug|Any CPU.Build.0 = Debug|Any CPU
		{E924A280-D471-4AFA-92FC-D8ADD3A1267F}.Release|Any CPU.ActiveCfg = Release|Any CPU
		{E924A280-D471-4AFA-92FC-D8ADD3A1267F}.Release|Any CPU.Build.0 = Release|Any CPU
		{434100AE-21BF-4C12-BB1A-4FC01651987B}.Debug|Any CPU.ActiveCfg = Debug|Any CPU
		{434100AE-21BF-4C12-BB1A-4FC01651987B}.Debug|Any CPU.Build.0 = Debug|Any CPU
		{434100AE-21BF-4C12-BB1A-4FC01651987B}.Release|Any CPU.ActiveCfg = Release|Any CPU
		{434100AE-21BF-4C12-BB1A-4FC01651987B}.Release|Any CPU.Build.0 = Release|Any CPU
		{5A5BAF04-C54A-4055-9F72-CD1203A45FD7}.Debug|Any CPU.ActiveCfg = Debug|Any CPU
		{5A5BAF04-C54A-4055-9F72-CD1203A45FD7}.Debug|Any CPU.Build.0 = Debug|Any CPU
		{5A5BAF04-C54A-4055-9F72-CD1203A45FD7}.Release|Any CPU.ActiveCfg = Release|Any CPU
		{5A5BAF04-C54A-4055-9F72-CD1203A45FD7}.Release|Any CPU.Build.0 = Release|Any CPU
	EndGlobalSection
	GlobalSection(SolutionProperties) = preSolution
		HideSolutionNode = FALSE
	EndGlobalSection
	GlobalSection(NestedProjects) = preSolution
		{158580C5-1CA5-43E7-940D-B6614950DCC0} = {BD2BB885-9324-4B9D-82D7-230EAF706645}
		{ADC705E2-6BC1-4CC6-9C0B-723C6A77871F} = {BD2BB885-9324-4B9D-82D7-230EAF706645}
		{CFD9E649-6247-4DB1-9FC5-0D6CA352E269} = {BD2BB885-9324-4B9D-82D7-230EAF706645}
		{E924A280-D471-4AFA-92FC-D8ADD3A1267F} = {158580C5-1CA5-43E7-940D-B6614950DCC0}
		{434100AE-21BF-4C12-BB1A-4FC01651987B} = {158580C5-1CA5-43E7-940D-B6614950DCC0}
		{AD2A64BF-FC18-4262-9578-EC39C97844A3} = {BD2BB885-9324-4B9D-82D7-230EAF706645}
		{12D16411-4C11-49C2-A256-7B21762B02F1} = {BD2BB885-9324-4B9D-82D7-230EAF706645}
		{6E69F215-528C-4267-BBC3-6C436FC91109} = {12D16411-4C11-49C2-A256-7B21762B02F1}
		{A3103A73-F67C-4B9F-95EC-078B37B38D47} = {6E69F215-528C-4267-BBC3-6C436FC91109}
		{5A5BAF04-C54A-4055-9F72-CD1203A45FD7} = {158580C5-1CA5-43E7-940D-B6614950DCC0}
	EndGlobalSection
	GlobalSection(ExtensibilityGlobals) = postSolution
		SolutionGuid = {7E7B3507-764D-4753-84B1-6C9E39BD0200}
	EndGlobalSection
EndGlobal
